
Microsoft Visual Studio Solution File, Format Version 11.00
# Visual Studio 2010
Project("{FAE04EC0-301F-11D3-BF4B-00C04F79EFBC}") = "Prototype", "Prototype\Prototype.csproj", "{493D5C47-FB1B-4B38-B75C-8D33EF77D61F}"
EndProject
Project("{FAE04EC0-301F-11D3-BF4B-00C04F79EFBC}") = "Singleton", "Singleton\Singleton.csproj", "{24CC8BDE-064D-4E83-9420-35F850BE9637}"
EndProject
Project("{FAE04EC0-301F-11D3-BF4B-00C04F79EFBC}") = "Builder", "Builder\Builder.csproj", "{60F1E0A0-6A19-411A-A529-F660250F5A2A}"
EndProject
Project("{FAE04EC0-301F-11D3-BF4B-00C04F79EFBC}") = "FactoryMethod", "FactoryMethod\FactoryMethod\FactoryMethod.csproj", "{53CB977F-5817-483D-9375-8E4D8D91B207}"
EndProject
Project("{FAE04EC0-301F-11D3-BF4B-00C04F79EFBC}") = "AbstractFactory", "AbstractFactory\AbstractFactory.csproj", "{94E450F8-1F8A-4EEC-94B0-6524EA90A524}"
EndProject
Project("{2150E333-8FDC-42A3-9474-1A3956D46DE8}") = "Createnal", "Createnal", "{7E4FC026-44BD-4AB9-8694-04BE3719281D}"
EndProject
Project("{2150E333-8FDC-42A3-9474-1A3956D46DE8}") = "Structional", "Structional", "{F294E66C-9C03-40EE-9661-710ADB629F92}"
EndProject
Project("{2150E333-8FDC-42A3-9474-1A3956D46DE8}") = "Behavioral", "Behavioral", "{A78B8E06-00E3-4DDB-A905-2E845D5F0A8D}"
EndProject
Project("{FAE04EC0-301F-11D3-BF4B-00C04F79EFBC}") = "ClassAdapter", "Adapter\ClassAdapter.csproj", "{8AF1BD8E-0FF2-4F32-ABDB-0D740FF472AE}"
EndProject
Project("{FAE04EC0-301F-11D3-BF4B-00C04F79EFBC}") = "Composite", "Composite\Composite.csproj", "{5BEE7176-1BA9-4BAE-93B6-E7EC7B4C9BDD}"
EndProject
Project("{FAE04EC0-301F-11D3-BF4B-00C04F79EFBC}") = "Decorator", "Decorator\Decorator.csproj", "{67A86AA1-40D8-4C47-9445-064E879592D7}"
EndProject
Project("{FAE04EC0-301F-11D3-BF4B-00C04F79EFBC}") = "Facade", "Façade\Facade.csproj", "{4FAC5EF6-EE29-4F93-9956-2019EA5F56C8}"
EndProject
Project("{FAE04EC0-301F-11D3-BF4B-00C04F79EFBC}") = "Flyweight", "Flyweight\Flyweight.csproj", "{E178D41F-79D9-4D3A-873D-ADE1FB237562}"
EndProject
Project("{FAE04EC0-301F-11D3-BF4B-00C04F79EFBC}") = "Bridge", "Bridge\Bridge.csproj", "{C0B456EC-F79C-468D-82DC-8D9E77C359CA}"
EndProject
Project("{FAE04EC0-301F-11D3-BF4B-00C04F79EFBC}") = "Proxy", "Proxy\Proxy.csproj", "{FCEEA5AA-00D1-4916-8BB7-C0DC8FBAF25E}"
EndProject
Project("{FAE04EC0-301F-11D3-BF4B-00C04F79EFBC}") = "Chain of Responsability", "Chain of Responsability\Chain of Responsability.csproj", "{FDFF57F0-A038-4EA6-A04B-63A5397D0F3B}"
EndProject
Project("{FAE04EC0-301F-11D3-BF4B-00C04F79EFBC}") = "Command", "Command\Command.csproj", "{783E4A35-E853-4DA3-B2C5-2F83828FF5DA}"
EndProject
Project("{FAE04EC0-301F-11D3-BF4B-00C04F79EFBC}") = "State", "State\State.csproj", "{616434C2-3AF4-45C0-95DD-47D52EDF6611}"
EndProject
Project("{FAE04EC0-301F-11D3-BF4B-00C04F79EFBC}") = "Strategy", "Strategy\Strategy.csproj", "{B2CBD567-95B7-4F60-B6D0-DE6D26F6F222}"
EndProject
Project("{FAE04EC0-301F-11D3-BF4B-00C04F79EFBC}") = "TemplateMethod", "Template\TemplateMethod.csproj", "{ECA71F15-8074-471B-89D9-130542B8E426}"
EndProject
Project("{FAE04EC0-301F-11D3-BF4B-00C04F79EFBC}") = "Interpreter", "Interpreter\Interpreter.csproj", "{1A6FBC76-3F66-45D4-BE8D-49BD6CB113A2}"
EndProject
Project("{FAE04EC0-301F-11D3-BF4B-00C04F79EFBC}") = "Iterator", "Iterator\Iterator.csproj", "{B84BD7B7-8554-46BA-9180-2D1E8420C2E6}"
EndProject
Project("{FAE04EC0-301F-11D3-BF4B-00C04F79EFBC}") = "Mediator", "Mediator\Mediator.csproj", "{F3F9F9E3-0E9F-48F5-B017-2F960A735743}"
EndProject
Project("{FAE04EC0-301F-11D3-BF4B-00C04F79EFBC}") = "Observer", "Observer\Observer.csproj", "{AF5E56E0-53D8-49E0-B775-618378E18D88}"
EndProject
Project("{FAE04EC0-301F-11D3-BF4B-00C04F79EFBC}") = "Memento", "Memento\Memento.csproj", "{41369965-A60E-4607-8614-E4CF91293A6E}"
EndProject
Project("{FAE04EC0-301F-11D3-BF4B-00C04F79EFBC}") = "Visitor", "Visitor\Visitor.csproj", "{3D51DE17-ED32-4850-BAE8-8B698FCF75FA}"
EndProject
Project("{2150E333-8FDC-42A3-9474-1A3956D46DE8}") = "Class", "Class", "{237065CA-C474-4A64-B799-BA1906319037}"
EndProject
Project("{2150E333-8FDC-42A3-9474-1A3956D46DE8}") = "Object", "Object", "{F4CEB895-A337-4132-8BB6-296010C87883}"
EndProject
Project("{2150E333-8FDC-42A3-9474-1A3956D46DE8}") = "Class", "Class", "{F6E7AC64-914E-478A-A57A-6710E1BD5388}"
EndProject
Project("{2150E333-8FDC-42A3-9474-1A3956D46DE8}") = "Object", "Object", "{31161FDD-D93A-4A31-8EAE-03A5F6C2E15A}"
EndProject
Project("{2150E333-8FDC-42A3-9474-1A3956D46DE8}") = "Class", "Class", "{9A391D5D-273B-4DBC-AB99-A3ACD82738C7}"
EndProject
Project("{2150E333-8FDC-42A3-9474-1A3956D46DE8}") = "Object", "Object", "{8BA7CF48-2C6D-46D8-A3FD-CE8C08274C37}"
EndProject
Project("{2150E333-8FDC-42A3-9474-1A3956D46DE8}") = "Interfaces", "Interfaces", "{7DF08822-A1DB-45C3-9C3D-F3777B7B0B65}"
EndProject
Project("{2150E333-8FDC-42A3-9474-1A3956D46DE8}") = "Operation", "Operation", "{D75A0DA0-3EE4-4653-B87F-AC48CAA76AC5}"
EndProject
Project("{2150E333-8FDC-42A3-9474-1A3956D46DE8}") = "Responsibility", "Responsibility", "{93BAC506-2988-46D8-BED3-DD389985765F}"
EndProject
Project("{2150E333-8FDC-42A3-9474-1A3956D46DE8}") = "Operation", "Operation", "{A97670D6-E624-4E6D-9A15-C013BDD2BC03}"
EndProject
Project("{2150E333-8FDC-42A3-9474-1A3956D46DE8}") = "Extension", "Extension", "{B78A1032-88AD-4126-815C-8A09EA566069}"
EndProject
Project("{2150E333-8FDC-42A3-9474-1A3956D46DE8}") = "Construction", "Construction", "{46D0E134-2CFA-4E92-B171-FC7AD6569443}"
EndProject
Project("{2150E333-8FDC-42A3-9474-1A3956D46DE8}") = "Construction", "Construction", "{40BB70BE-9355-4527-BF89-4B1ECFAA1B68}"
EndProject
Project("{2150E333-8FDC-42A3-9474-1A3956D46DE8}") = "Construction", "Construction", "{96FB33BD-649C-4A4E-A0E4-C9629E40A533}"
EndProject
Project("{2150E333-8FDC-42A3-9474-1A3956D46DE8}") = "Responsability", "Responsability", "{BAE34144-32D5-4FAA-AACB-9C9ECAD748C3}"
EndProject
Project("{2150E333-8FDC-42A3-9474-1A3956D46DE8}") = "Interfaces", "Interfaces", "{D8412EBC-5FF5-4BAD-ABD0-5438CC7B254A}"
EndProject
Project("{2150E333-8FDC-42A3-9474-1A3956D46DE8}") = "Extencion", "Extencion", "{E0BDD4B8-9D8E-49A6-BD46-244EAE884A35}"
EndProject
Project("{2150E333-8FDC-42A3-9474-1A3956D46DE8}") = "Responsability", "Responsability", "{D4C3D503-731F-4972-BA53-5BEF17B06F31}"
EndProject
Project("{FAE04EC0-301F-11D3-BF4B-00C04F79EFBC}") = "ExtensionMethods", "ExtensionMethods\ExtensionMethods.csproj", "{AB52502C-08F9-4BE1-B54D-FDCBA7AB4D6A}"
EndProject
Global
	GlobalSection(SolutionConfigurationPlatforms) = preSolution
		Debug|x86 = Debug|x86
		Release|x86 = Release|x86
	EndGlobalSection
	GlobalSection(ProjectConfigurationPlatforms) = postSolution
		{493D5C47-FB1B-4B38-B75C-8D33EF77D61F}.Debug|x86.ActiveCfg = Debug|x86
		{493D5C47-FB1B-4B38-B75C-8D33EF77D61F}.Debug|x86.Build.0 = Debug|x86
		{493D5C47-FB1B-4B38-B75C-8D33EF77D61F}.Release|x86.ActiveCfg = Release|x86
		{493D5C47-FB1B-4B38-B75C-8D33EF77D61F}.Release|x86.Build.0 = Release|x86
		{24CC8BDE-064D-4E83-9420-35F850BE9637}.Debug|x86.ActiveCfg = Debug|x86
		{24CC8BDE-064D-4E83-9420-35F850BE9637}.Debug|x86.Build.0 = Debug|x86
		{24CC8BDE-064D-4E83-9420-35F850BE9637}.Release|x86.ActiveCfg = Release|x86
		{24CC8BDE-064D-4E83-9420-35F850BE9637}.Release|x86.Build.0 = Release|x86
		{60F1E0A0-6A19-411A-A529-F660250F5A2A}.Debug|x86.ActiveCfg = Debug|x86
		{60F1E0A0-6A19-411A-A529-F660250F5A2A}.Debug|x86.Build.0 = Debug|x86
		{60F1E0A0-6A19-411A-A529-F660250F5A2A}.Release|x86.ActiveCfg = Release|x86
		{60F1E0A0-6A19-411A-A529-F660250F5A2A}.Release|x86.Build.0 = Release|x86
		{53CB977F-5817-483D-9375-8E4D8D91B207}.Debug|x86.ActiveCfg = Debug|x86
		{53CB977F-5817-483D-9375-8E4D8D91B207}.Debug|x86.Build.0 = Debug|x86
		{53CB977F-5817-483D-9375-8E4D8D91B207}.Release|x86.ActiveCfg = Release|x86
		{53CB977F-5817-483D-9375-8E4D8D91B207}.Release|x86.Build.0 = Release|x86
		{94E450F8-1F8A-4EEC-94B0-6524EA90A524}.Debug|x86.ActiveCfg = Debug|x86
		{94E450F8-1F8A-4EEC-94B0-6524EA90A524}.Debug|x86.Build.0 = Debug|x86
		{94E450F8-1F8A-4EEC-94B0-6524EA90A524}.Release|x86.ActiveCfg = Release|x86
		{94E450F8-1F8A-4EEC-94B0-6524EA90A524}.Release|x86.Build.0 = Release|x86
		{8AF1BD8E-0FF2-4F32-ABDB-0D740FF472AE}.Debug|x86.ActiveCfg = Debug|x86
		{8AF1BD8E-0FF2-4F32-ABDB-0D740FF472AE}.Debug|x86.Build.0 = Debug|x86
		{8AF1BD8E-0FF2-4F32-ABDB-0D740FF472AE}.Release|x86.ActiveCfg = Release|x86
		{8AF1BD8E-0FF2-4F32-ABDB-0D740FF472AE}.Release|x86.Build.0 = Release|x86
		{5BEE7176-1BA9-4BAE-93B6-E7EC7B4C9BDD}.Debug|x86.ActiveCfg = Debug|x86
		{5BEE7176-1BA9-4BAE-93B6-E7EC7B4C9BDD}.Debug|x86.Build.0 = Debug|x86
		{5BEE7176-1BA9-4BAE-93B6-E7EC7B4C9BDD}.Release|x86.ActiveCfg = Release|x86
		{5BEE7176-1BA9-4BAE-93B6-E7EC7B4C9BDD}.Release|x86.Build.0 = Release|x86
		{67A86AA1-40D8-4C47-9445-064E879592D7}.Debug|x86.ActiveCfg = Debug|x86
		{67A86AA1-40D8-4C47-9445-064E879592D7}.Debug|x86.Build.0 = Debug|x86
		{67A86AA1-40D8-4C47-9445-064E879592D7}.Release|x86.ActiveCfg = Release|x86
		{67A86AA1-40D8-4C47-9445-064E879592D7}.Release|x86.Build.0 = Release|x86
		{4FAC5EF6-EE29-4F93-9956-2019EA5F56C8}.Debug|x86.ActiveCfg = Debug|x86
		{4FAC5EF6-EE29-4F93-9956-2019EA5F56C8}.Debug|x86.Build.0 = Debug|x86
		{4FAC5EF6-EE29-4F93-9956-2019EA5F56C8}.Release|x86.ActiveCfg = Release|x86
		{4FAC5EF6-EE29-4F93-9956-2019EA5F56C8}.Release|x86.Build.0 = Release|x86
		{E178D41F-79D9-4D3A-873D-ADE1FB237562}.Debug|x86.ActiveCfg = Debug|x86
		{E178D41F-79D9-4D3A-873D-ADE1FB237562}.Debug|x86.Build.0 = Debug|x86
		{E178D41F-79D9-4D3A-873D-ADE1FB237562}.Release|x86.ActiveCfg = Release|x86
		{E178D41F-79D9-4D3A-873D-ADE1FB237562}.Release|x86.Build.0 = Release|x86
		{C0B456EC-F79C-468D-82DC-8D9E77C359CA}.Debug|x86.ActiveCfg = Debug|x86
		{C0B456EC-F79C-468D-82DC-8D9E77C359CA}.Debug|x86.Build.0 = Debug|x86
		{C0B456EC-F79C-468D-82DC-8D9E77C359CA}.Release|x86.ActiveCfg = Release|x86
		{C0B456EC-F79C-468D-82DC-8D9E77C359CA}.Release|x86.Build.0 = Release|x86
		{FCEEA5AA-00D1-4916-8BB7-C0DC8FBAF25E}.Debug|x86.ActiveCfg = Debug|x86
		{FCEEA5AA-00D1-4916-8BB7-C0DC8FBAF25E}.Debug|x86.Build.0 = Debug|x86
		{FCEEA5AA-00D1-4916-8BB7-C0DC8FBAF25E}.Release|x86.ActiveCfg = Release|x86
		{FCEEA5AA-00D1-4916-8BB7-C0DC8FBAF25E}.Release|x86.Build.0 = Release|x86
		{FDFF57F0-A038-4EA6-A04B-63A5397D0F3B}.Debug|x86.ActiveCfg = Debug|x86
		{FDFF57F0-A038-4EA6-A04B-63A5397D0F3B}.Debug|x86.Build.0 = Debug|x86
		{FDFF57F0-A038-4EA6-A04B-63A5397D0F3B}.Release|x86.ActiveCfg = Release|x86
		{FDFF57F0-A038-4EA6-A04B-63A5397D0F3B}.Release|x86.Build.0 = Release|x86
		{783E4A35-E853-4DA3-B2C5-2F83828FF5DA}.Debug|x86.ActiveCfg = Debug|x86
		{783E4A35-E853-4DA3-B2C5-2F83828FF5DA}.Debug|x86.Build.0 = Debug|x86
		{783E4A35-E853-4DA3-B2C5-2F83828FF5DA}.Release|x86.ActiveCfg = Release|x86
		{783E4A35-E853-4DA3-B2C5-2F83828FF5DA}.Release|x86.Build.0 = Release|x86
		{616434C2-3AF4-45C0-95DD-47D52EDF6611}.Debug|x86.ActiveCfg = Debug|x86
		{616434C2-3AF4-45C0-95DD-47D52EDF6611}.Debug|x86.Build.0 = Debug|x86
		{616434C2-3AF4-45C0-95DD-47D52EDF6611}.Release|x86.ActiveCfg = Release|x86
		{616434C2-3AF4-45C0-95DD-47D52EDF6611}.Release|x86.Build.0 = Release|x86
		{B2CBD567-95B7-4F60-B6D0-DE6D26F6F222}.Debug|x86.ActiveCfg = Debug|x86
		{B2CBD567-95B7-4F60-B6D0-DE6D26F6F222}.Debug|x86.Build.0 = Debug|x86
		{B2CBD567-95B7-4F60-B6D0-DE6D26F6F222}.Release|x86.ActiveCfg = Release|x86
		{B2CBD567-95B7-4F60-B6D0-DE6D26F6F222}.Release|x86.Build.0 = Release|x86
		{ECA71F15-8074-471B-89D9-130542B8E426}.Debug|x86.ActiveCfg = Debug|x86
		{ECA71F15-8074-471B-89D9-130542B8E426}.Debug|x86.Build.0 = Debug|x86
		{ECA71F15-8074-471B-89D9-130542B8E426}.Release|x86.ActiveCfg = Release|x86
		{ECA71F15-8074-471B-89D9-130542B8E426}.Release|x86.Build.0 = Release|x86
		{1A6FBC76-3F66-45D4-BE8D-49BD6CB113A2}.Debug|x86.ActiveCfg = Debug|x86
		{1A6FBC76-3F66-45D4-BE8D-49BD6CB113A2}.Debug|x86.Build.0 = Debug|x86
		{1A6FBC76-3F66-45D4-BE8D-49BD6CB113A2}.Release|x86.ActiveCfg = Release|x86
		{1A6FBC76-3F66-45D4-BE8D-49BD6CB113A2}.Release|x86.Build.0 = Release|x86
		{B84BD7B7-8554-46BA-9180-2D1E8420C2E6}.Debug|x86.ActiveCfg = Debug|x86
		{B84BD7B7-8554-46BA-9180-2D1E8420C2E6}.Debug|x86.Build.0 = Debug|x86
		{B84BD7B7-8554-46BA-9180-2D1E8420C2E6}.Release|x86.ActiveCfg = Release|x86
		{B84BD7B7-8554-46BA-9180-2D1E8420C2E6}.Release|x86.Build.0 = Release|x86
		{F3F9F9E3-0E9F-48F5-B017-2F960A735743}.Debug|x86.ActiveCfg = Debug|x86
		{F3F9F9E3-0E9F-48F5-B017-2F960A735743}.Debug|x86.Build.0 = Debug|x86
		{F3F9F9E3-0E9F-48F5-B017-2F960A735743}.Release|x86.ActiveCfg = Release|x86
		{F3F9F9E3-0E9F-48F5-B017-2F960A735743}.Release|x86.Build.0 = Release|x86
		{AF5E56E0-53D8-49E0-B775-618378E18D88}.Debug|x86.ActiveCfg = Debug|x86
		{AF5E56E0-53D8-49E0-B775-618378E18D88}.Debug|x86.Build.0 = Debug|x86
		{AF5E56E0-53D8-49E0-B775-618378E18D88}.Release|x86.ActiveCfg = Release|x86
		{AF5E56E0-53D8-49E0-B775-618378E18D88}.Release|x86.Build.0 = Release|x86
		{41369965-A60E-4607-8614-E4CF91293A6E}.Debug|x86.ActiveCfg = Debug|x86
		{41369965-A60E-4607-8614-E4CF91293A6E}.Debug|x86.Build.0 = Debug|x86
		{41369965-A60E-4607-8614-E4CF91293A6E}.Release|x86.ActiveCfg = Release|x86
		{41369965-A60E-4607-8614-E4CF91293A6E}.Release|x86.Build.0 = Release|x86
		{3D51DE17-ED32-4850-BAE8-8B698FCF75FA}.Debug|x86.ActiveCfg = Debug|x86
		{3D51DE17-ED32-4850-BAE8-8B698FCF75FA}.Debug|x86.Build.0 = Debug|x86
		{3D51DE17-ED32-4850-BAE8-8B698FCF75FA}.Release|x86.ActiveCfg = Release|x86
		{3D51DE17-ED32-4850-BAE8-8B698FCF75FA}.Release|x86.Build.0 = Release|x86
		{AB52502C-08F9-4BE1-B54D-FDCBA7AB4D6A}.Debug|x86.ActiveCfg = Debug|x86
		{AB52502C-08F9-4BE1-B54D-FDCBA7AB4D6A}.Debug|x86.Build.0 = Debug|x86
		{AB52502C-08F9-4BE1-B54D-FDCBA7AB4D6A}.Release|x86.ActiveCfg = Release|x86
		{AB52502C-08F9-4BE1-B54D-FDCBA7AB4D6A}.Release|x86.Build.0 = Release|x86
	EndGlobalSection
	GlobalSection(SolutionProperties) = preSolution
		HideSolutionNode = FALSE
	EndGlobalSection
	GlobalSection(NestedProjects) = preSolution
		{31161FDD-D93A-4A31-8EAE-03A5F6C2E15A} = {7E4FC026-44BD-4AB9-8694-04BE3719281D}
		{F6E7AC64-914E-478A-A57A-6710E1BD5388} = {7E4FC026-44BD-4AB9-8694-04BE3719281D}
		{96FB33BD-649C-4A4E-A0E4-C9629E40A533} = {31161FDD-D93A-4A31-8EAE-03A5F6C2E15A}
		{BAE34144-32D5-4FAA-AACB-9C9ECAD748C3} = {31161FDD-D93A-4A31-8EAE-03A5F6C2E15A}
		{94E450F8-1F8A-4EEC-94B0-6524EA90A524} = {96FB33BD-649C-4A4E-A0E4-C9629E40A533}
		{493D5C47-FB1B-4B38-B75C-8D33EF77D61F} = {96FB33BD-649C-4A4E-A0E4-C9629E40A533}
		{60F1E0A0-6A19-411A-A529-F660250F5A2A} = {96FB33BD-649C-4A4E-A0E4-C9629E40A533}
		{40BB70BE-9355-4527-BF89-4B1ECFAA1B68} = {F6E7AC64-914E-478A-A57A-6710E1BD5388}
		{9A391D5D-273B-4DBC-AB99-A3ACD82738C7} = {F294E66C-9C03-40EE-9661-710ADB629F92}
		{8BA7CF48-2C6D-46D8-A3FD-CE8C08274C37} = {F294E66C-9C03-40EE-9661-710ADB629F92}
		{F4CEB895-A337-4132-8BB6-296010C87883} = {A78B8E06-00E3-4DDB-A905-2E845D5F0A8D}
		{237065CA-C474-4A64-B799-BA1906319037} = {A78B8E06-00E3-4DDB-A905-2E845D5F0A8D}
		{7DF08822-A1DB-45C3-9C3D-F3777B7B0B65} = {9A391D5D-273B-4DBC-AB99-A3ACD82738C7}
		{E0BDD4B8-9D8E-49A6-BD46-244EAE884A35} = {8BA7CF48-2C6D-46D8-A3FD-CE8C08274C37}
		{D8412EBC-5FF5-4BAD-ABD0-5438CC7B254A} = {8BA7CF48-2C6D-46D8-A3FD-CE8C08274C37}
		{D4C3D503-731F-4972-BA53-5BEF17B06F31} = {8BA7CF48-2C6D-46D8-A3FD-CE8C08274C37}
		{67A86AA1-40D8-4C47-9445-064E879592D7} = {E0BDD4B8-9D8E-49A6-BD46-244EAE884A35}
		{C0B456EC-F79C-468D-82DC-8D9E77C359CA} = {D8412EBC-5FF5-4BAD-ABD0-5438CC7B254A}
		{5BEE7176-1BA9-4BAE-93B6-E7EC7B4C9BDD} = {D8412EBC-5FF5-4BAD-ABD0-5438CC7B254A}
		{4FAC5EF6-EE29-4F93-9956-2019EA5F56C8} = {D8412EBC-5FF5-4BAD-ABD0-5438CC7B254A}
		{FCEEA5AA-00D1-4916-8BB7-C0DC8FBAF25E} = {D4C3D503-731F-4972-BA53-5BEF17B06F31}
		{E178D41F-79D9-4D3A-873D-ADE1FB237562} = {D4C3D503-731F-4972-BA53-5BEF17B06F31}
		{A97670D6-E624-4E6D-9A15-C013BDD2BC03} = {F4CEB895-A337-4132-8BB6-296010C87883}
		{B78A1032-88AD-4126-815C-8A09EA566069} = {F4CEB895-A337-4132-8BB6-296010C87883}
		{93BAC506-2988-46D8-BED3-DD389985765F} = {F4CEB895-A337-4132-8BB6-296010C87883}
		{46D0E134-2CFA-4E92-B171-FC7AD6569443} = {F4CEB895-A337-4132-8BB6-296010C87883}
		{616434C2-3AF4-45C0-95DD-47D52EDF6611} = {A97670D6-E624-4E6D-9A15-C013BDD2BC03}
		{B2CBD567-95B7-4F60-B6D0-DE6D26F6F222} = {A97670D6-E624-4E6D-9A15-C013BDD2BC03}
		{783E4A35-E853-4DA3-B2C5-2F83828FF5DA} = {A97670D6-E624-4E6D-9A15-C013BDD2BC03}
		{D75A0DA0-3EE4-4653-B87F-AC48CAA76AC5} = {237065CA-C474-4A64-B799-BA1906319037}
		{ECA71F15-8074-471B-89D9-130542B8E426} = {D75A0DA0-3EE4-4653-B87F-AC48CAA76AC5}
		{1A6FBC76-3F66-45D4-BE8D-49BD6CB113A2} = {D75A0DA0-3EE4-4653-B87F-AC48CAA76AC5}
		{3D51DE17-ED32-4850-BAE8-8B698FCF75FA} = {B78A1032-88AD-4126-815C-8A09EA566069}
		{B84BD7B7-8554-46BA-9180-2D1E8420C2E6} = {B78A1032-88AD-4126-815C-8A09EA566069}
		{AF5E56E0-53D8-49E0-B775-618378E18D88} = {93BAC506-2988-46D8-BED3-DD389985765F}
		{FDFF57F0-A038-4EA6-A04B-63A5397D0F3B} = {93BAC506-2988-46D8-BED3-DD389985765F}
		{F3F9F9E3-0E9F-48F5-B017-2F960A735743} = {93BAC506-2988-46D8-BED3-DD389985765F}
		{41369965-A60E-4607-8614-E4CF91293A6E} = {46D0E134-2CFA-4E92-B171-FC7AD6569443}
		{53CB977F-5817-483D-9375-8E4D8D91B207} = {40BB70BE-9355-4527-BF89-4B1ECFAA1B68}
		{24CC8BDE-064D-4E83-9420-35F850BE9637} = {BAE34144-32D5-4FAA-AACB-9C9ECAD748C3}
		{8AF1BD8E-0FF2-4F32-ABDB-0D740FF472AE} = {7DF08822-A1DB-45C3-9C3D-F3777B7B0B65}
	EndGlobalSection
EndGlobal
